{
  "pins" : [
    {
      "identity" : "billboard",
      "kind" : "remoteSourceControl",
      "location" : "https://github.com/hiddevdploeg/Billboard.git",
      "state" : {
        "branch" : "main",
        "revision" : "46b54d0a8ab371d514d5da0ff602606d535e7f37"
      }
    }
  ],
  "version" : 2
}
