{
  "pins" : [
    {
      "identity" : "billboard",
      "kind" : "remoteSourceControl",
      "location" : "https://github.com/hiddevdploeg/Billboard.git",
      "state" : {
        "branch" : "main",
        "revision" : "f03018adc5f92de60a645f6985ef4e4292510a03"
      }
    }
  ],
  "version" : 2
}
