{
  "pins" : [
    {
      "identity" : "billboard",
      "kind" : "remoteSourceControl",
      "location" : "https://github.com/hiddevdploeg/Billboard.git",
      "state" : {
        "branch" : "main",
        "revision" : "c13a38e1fd54622b5355b6f52c3e1776535868aa"
      }
    }
  ],
  "version" : 2
}
